
Microsoft Visual Studio Solution File, Format Version 12.00
# Visual Studio Version 16
VisualStudioVersion = 16.0.31005.135
MinimumVisualStudioVersion = 10.0.40219.1
Project("{FAE04EC0-301F-11D3-BF4B-00C04F79EFBC}") = "Enum", "Enum\Enum.csproj", "{0AEC840E-1D29-4FA1-AF7B-E49BF82320A4}"
EndProject
Global
	GlobalSection(SolutionConfigurationPlatforms) = preSolution
		Debug|Any CPU = Debug|Any CPU
		Release|Any CPU = Release|Any CPU
	EndGlobalSection
	GlobalSection(ProjectConfigurationPlatforms) = postSolution
		{0AEC840E-1D29-4FA1-AF7B-E49BF82320A4}.Debug|Any CPU.ActiveCfg = Debug|Any CPU
		{0AEC840E-1D29-4FA1-AF7B-E49BF82320A4}.Debug|Any CPU.Build.0 = Debug|Any CPU
		{0AEC840E-1D29-4FA1-AF7B-E49BF82320A4}.Release|Any CPU.ActiveCfg = Release|Any CPU
		{0AEC840E-1D29-4FA1-AF7B-E49BF82320A4}.Release|Any CPU.Build.0 = Release|Any CPU
	EndGlobalSection
	GlobalSection(SolutionProperties) = preSolution
		HideSolutionNode = FALSE
	EndGlobalSection
	GlobalSection(ExtensibilityGlobals) = postSolution
		SolutionGuid = {C64ACFEB-EB00-40DD-AB08-7BDD7109C9D4}
	EndGlobalSection
EndGlobal
